// !$*UTF8*$!
{
	archiveVersion = 1;
	classes = {
	};
	objectVersion = 46;
	objects = {

/* Begin PBXBuildFile section */
		02496E961C1037A200496F93 /* GoogleService-Info.plist in Resources */ = {isa = PBXBuildFile; fileRef = 02496E951C1037A200496F93 /* GoogleService-Info.plist */; };
		029B21381C0D85CA00002CAD /* AppDelegate.swift in Sources */ = {isa = PBXBuildFile; fileRef = 029B21371C0D85CA00002CAD /* AppDelegate.swift */; };
		029B213A1C0D85CA00002CAD /* ViewController.swift in Sources */ = {isa = PBXBuildFile; fileRef = 029B21391C0D85CA00002CAD /* ViewController.swift */; };
		029B213D1C0D85CA00002CAD /* Main.storyboard in Resources */ = {isa = PBXBuildFile; fileRef = 029B213B1C0D85CA00002CAD /* Main.storyboard */; };
		029B213F1C0D85CA00002CAD /* Assets.xcassets in Resources */ = {isa = PBXBuildFile; fileRef = 029B213E1C0D85CA00002CAD /* Assets.xcassets */; };
		029B21421C0D85CA00002CAD /* LaunchScreen.storyboard in Resources */ = {isa = PBXBuildFile; fileRef = 029B21401C0D85CA00002CAD /* LaunchScreen.storyboard */; };
		831B95F36B79ED861590B01D /* libPods.a in Frameworks */ = {isa = PBXBuildFile; fileRef = 8AAD0B4186C0CA14A45474CF /* libPods.a */; };
/* End PBXBuildFile section */

/* Begin PBXFileReference section */
		021C1A431C0D870D005FFFCB /* ILYIFB-Bridging-Header.h */ = {isa = PBXFileReference; lastKnownFileType = sourcecode.c.h; name = "ILYIFB-Bridging-Header.h"; path = "../ILYIFB-Bridging-Header.h"; sourceTree = "<group>"; };
		02496E951C1037A200496F93 /* GoogleService-Info.plist */ = {isa = PBXFileReference; fileEncoding = 4; lastKnownFileType = text.plist.xml; path = "GoogleService-Info.plist"; sourceTree = "<group>"; };
		029B21341C0D85CA00002CAD /* ILYIFB.app */ = {isa = PBXFileReference; explicitFileType = wrapper.application; includeInIndex = 0; path = ILYIFB.app; sourceTree = BUILT_PRODUCTS_DIR; };
		029B21371C0D85CA00002CAD /* AppDelegate.swift */ = {isa = PBXFileReference; lastKnownFileType = sourcecode.swift; path = AppDelegate.swift; sourceTree = "<group>"; };
		029B21391C0D85CA00002CAD /* ViewController.swift */ = {isa = PBXFileReference; lastKnownFileType = sourcecode.swift; path = ViewController.swift; sourceTree = "<group>"; };
		029B213C1C0D85CA00002CAD /* Base */ = {isa = PBXFileReference; lastKnownFileType = file.storyboard; name = Base; path = Base.lproj/Main.storyboard; sourceTree = "<group>"; };
		029B213E1C0D85CA00002CAD /* Assets.xcassets */ = {isa = PBXFileReference; lastKnownFileType = folder.assetcatalog; path = Assets.xcassets; sourceTree = "<group>"; };
		029B21411C0D85CA00002CAD /* Base */ = {isa = PBXFileReference; lastKnownFileType = file.storyboard; name = Base; path = Base.lproj/LaunchScreen.storyboard; sourceTree = "<group>"; };
		029B21431C0D85CA00002CAD /* Info.plist */ = {isa = PBXFileReference; lastKnownFileType = text.plist.xml; name = Info.plist; path = ../Info.plist; sourceTree = "<group>"; };
		05D43675BDE005813C9CBB69 /* Pods.release.xcconfig */ = {isa = PBXFileReference; includeInIndex = 1; lastKnownFileType = text.xcconfig; name = Pods.release.xcconfig; path = "Pods/Target Support Files/Pods/Pods.release.xcconfig"; sourceTree = "<group>"; };
		8AAD0B4186C0CA14A45474CF /* libPods.a */ = {isa = PBXFileReference; explicitFileType = archive.ar; includeInIndex = 0; path = libPods.a; sourceTree = BUILT_PRODUCTS_DIR; };
		AB66A658E46832EE75E1B40B /* Pods.debug.xcconfig */ = {isa = PBXFileReference; includeInIndex = 1; lastKnownFileType = text.xcconfig; name = Pods.debug.xcconfig; path = "Pods/Target Support Files/Pods/Pods.debug.xcconfig"; sourceTree = "<group>"; };
/* End PBXFileReference section */

/* Begin PBXFrameworksBuildPhase section */
		029B21311C0D85CA00002CAD /* Frameworks */ = {
			isa = PBXFrameworksBuildPhase;
			buildActionMask = 2147483647;
			files = (
				831B95F36B79ED861590B01D /* libPods.a in Frameworks */,
			);
			runOnlyForDeploymentPostprocessing = 0;
		};
/* End PBXFrameworksBuildPhase section */

/* Begin PBXGroup section */
		02496E921C0ED99C00496F93 /* Supports */ = {
			isa = PBXGroup;
			children = (
				029B21431C0D85CA00002CAD /* Info.plist */,
				021C1A431C0D870D005FFFCB /* ILYIFB-Bridging-Header.h */,
			);
			name = Supports;
			path = supports;
			sourceTree = "<group>";
		};
		029B212B1C0D85CA00002CAD = {
			isa = PBXGroup;
			children = (
				029B21361C0D85CA00002CAD /* ILYIFB */,
				029B21351C0D85CA00002CAD /* Products */,
				44E7A195BC4D9CDA554D660A /* Pods */,
				78D0AD3D58D7977DAAEFDBE3 /* Frameworks */,
			);
			sourceTree = "<group>";
		};
		029B21351C0D85CA00002CAD /* Products */ = {
			isa = PBXGroup;
			children = (
				029B21341C0D85CA00002CAD /* ILYIFB.app */,
			);
			name = Products;
			sourceTree = "<group>";
		};
		029B21361C0D85CA00002CAD /* ILYIFB */ = {
			isa = PBXGroup;
			children = (
				02496E951C1037A200496F93 /* GoogleService-Info.plist */,
				029B21371C0D85CA00002CAD /* AppDelegate.swift */,
				029B21391C0D85CA00002CAD /* ViewController.swift */,
				029B213B1C0D85CA00002CAD /* Main.storyboard */,
				029B213E1C0D85CA00002CAD /* Assets.xcassets */,
				029B21401C0D85CA00002CAD /* LaunchScreen.storyboard */,
				02496E921C0ED99C00496F93 /* Supports */,
			);
			path = ILYIFB;
			sourceTree = "<group>";
		};
		44E7A195BC4D9CDA554D660A /* Pods */ = {
			isa = PBXGroup;
			children = (
				AB66A658E46832EE75E1B40B /* Pods.debug.xcconfig */,
				05D43675BDE005813C9CBB69 /* Pods.release.xcconfig */,
			);
			name = Pods;
			sourceTree = "<group>";
		};
		78D0AD3D58D7977DAAEFDBE3 /* Frameworks */ = {
			isa = PBXGroup;
			children = (
				8AAD0B4186C0CA14A45474CF /* libPods.a */,
			);
			name = Frameworks;
			sourceTree = "<group>";
		};
/* End PBXGroup section */

/* Begin PBXNativeTarget section */
		029B21331C0D85CA00002CAD /* ILYIFB */ = {
			isa = PBXNativeTarget;
			buildConfigurationList = 029B21461C0D85CA00002CAD /* Build configuration list for PBXNativeTarget "ILYIFB" */;
			buildPhases = (
				A373BD54DD506639ACC48BBC /* Check Pods Manifest.lock */,
				029B21301C0D85CA00002CAD /* Sources */,
				029B21311C0D85CA00002CAD /* Frameworks */,
				029B21321C0D85CA00002CAD /* Resources */,
				304C876E50CB599CA9F943E8 /* Copy Pods Resources */,
			);
			buildRules = (
			);
			dependencies = (
			);
			name = ILYIFB;
			productName = ILYIFB;
			productReference = 029B21341C0D85CA00002CAD /* ILYIFB.app */;
			productType = "com.apple.product-type.application";
		};
/* End PBXNativeTarget section */

/* Begin PBXProject section */
		029B212C1C0D85CA00002CAD /* Project object */ = {
			isa = PBXProject;
			attributes = {
				LastSwiftUpdateCheck = 0710;
				LastUpgradeCheck = 0710;
				ORGANIZATIONNAME = "Tsai Cheng Heng";
				TargetAttributes = {
					029B21331C0D85CA00002CAD = {
						CreatedOnToolsVersion = 7.1.1;
					};
				};
			};
			buildConfigurationList = 029B212F1C0D85CA00002CAD /* Build configuration list for PBXProject "ILYIFB" */;
			compatibilityVersion = "Xcode 3.2";
			developmentRegion = English;
			hasScannedForEncodings = 0;
			knownRegions = (
				en,
				Base,
			);
			mainGroup = 029B212B1C0D85CA00002CAD;
			productRefGroup = 029B21351C0D85CA00002CAD /* Products */;
			projectDirPath = "";
			projectRoot = "";
			targets = (
				029B21331C0D85CA00002CAD /* ILYIFB */,
			);
		};
/* End PBXProject section */

/* Begin PBXResourcesBuildPhase section */
		029B21321C0D85CA00002CAD /* Resources */ = {
			isa = PBXResourcesBuildPhase;
			buildActionMask = 2147483647;
			files = (
				029B21421C0D85CA00002CAD /* LaunchScreen.storyboard in Resources */,
				02496E961C1037A200496F93 /* GoogleService-Info.plist in Resources */,
				029B213F1C0D85CA00002CAD /* Assets.xcassets in Resources */,
				029B213D1C0D85CA00002CAD /* Main.storyboard in Resources */,
			);
			runOnlyForDeploymentPostprocessing = 0;
		};
/* End PBXResourcesBuildPhase section */

/* Begin PBXShellScriptBuildPhase section */
		304C876E50CB599CA9F943E8 /* Copy Pods Resources */ = {
			isa = PBXShellScriptBuildPhase;
			buildActionMask = 2147483647;
			files = (
			);
			inputPaths = (
			);
			name = "Copy Pods Resources";
			outputPaths = (
			);
			runOnlyForDeploymentPostprocessing = 0;
			shellPath = /bin/sh;
			shellScript = "\"${SRCROOT}/Pods/Target Support Files/Pods/Pods-resources.sh\"\n";
			showEnvVarsInLog = 0;
		};
		A373BD54DD506639ACC48BBC /* Check Pods Manifest.lock */ = {
			isa = PBXShellScriptBuildPhase;
			buildActionMask = 2147483647;
			files = (
			);
			inputPaths = (
			);
			name = "Check Pods Manifest.lock";
			outputPaths = (
			);
			runOnlyForDeploymentPostprocessing = 0;
			shellPath = /bin/sh;
			shellScript = "diff \"${PODS_ROOT}/../Podfile.lock\" \"${PODS_ROOT}/Manifest.lock\" > /dev/null\nif [[ $? != 0 ]] ; then\n    cat << EOM\nerror: The sandbox is not in sync with the Podfile.lock. Run 'pod install' or update your CocoaPods installation.\nEOM\n    exit 1\nfi\n";
			showEnvVarsInLog = 0;
		};
/* End PBXShellScriptBuildPhase section */

/* Begin PBXSourcesBuildPhase section */
		029B21301C0D85CA00002CAD /* Sources */ = {
			isa = PBXSourcesBuildPhase;
			buildActionMask = 2147483647;
			files = (
				029B213A1C0D85CA00002CAD /* ViewController.swift in Sources */,
				029B21381C0D85CA00002CAD /* AppDelegate.swift in Sources */,
			);
			runOnlyForDeploymentPostprocessing = 0;
		};
/* End PBXSourcesBuildPhase section */

/* Begin PBXVariantGroup section */
		029B213B1C0D85CA00002CAD /* Main.storyboard */ = {
			isa = PBXVariantGroup;
			children = (
				029B213C1C0D85CA00002CAD /* Base */,
			);
			name = Main.storyboard;
			sourceTree = "<group>";
		};
		029B21401C0D85CA00002CAD /* LaunchScreen.storyboard */ = {
			isa = PBXVariantGroup;
			children = (
				029B21411C0D85CA00002CAD /* Base */,
			);
			name = LaunchScreen.storyboard;
			sourceTree = "<group>";
		};
/* End PBXVariantGroup section */

/* Begin XCBuildConfiguration section */
		029B21441C0D85CA00002CAD /* Debug */ = {
			isa = XCBuildConfiguration;
			buildSettings = {
				ALWAYS_SEARCH_USER_PATHS = NO;
				CLANG_CXX_LANGUAGE_STANDARD = "gnu++0x";
				CLANG_CXX_LIBRARY = "libc++";
				CLANG_ENABLE_MODULES = YES;
				CLANG_ENABLE_OBJC_ARC = YES;
				CLANG_WARN_BOOL_CONVERSION = YES;
				CLANG_WARN_CONSTANT_CONVERSION = YES;
				CLANG_WARN_DIRECT_OBJC_ISA_USAGE = YES_ERROR;
				CLANG_WARN_EMPTY_BODY = YES;
				CLANG_WARN_ENUM_CONVERSION = YES;
				CLANG_WARN_INT_CONVERSION = YES;
				CLANG_WARN_OBJC_ROOT_CLASS = YES_ERROR;
				CLANG_WARN_UNREACHABLE_CODE = YES;
				CLANG_WARN__DUPLICATE_METHOD_MATCH = YES;
				"CODE_SIGN_IDENTITY[sdk=iphoneos*]" = "iPhone Developer";
				COPY_PHASE_STRIP = NO;
				DEBUG_INFORMATION_FORMAT = dwarf;
				ENABLE_STRICT_OBJC_MSGSEND = YES;
				ENABLE_TESTABILITY = YES;
				GCC_C_LANGUAGE_STANDARD = gnu99;
				GCC_DYNAMIC_NO_PIC = NO;
				GCC_NO_COMMON_BLOCKS = YES;
				GCC_OPTIMIZATION_LEVEL = 0;
				GCC_PREPROCESSOR_DEFINITIONS = (
					"DEBUG=1",
					"$(inherited)",
				);
				GCC_WARN_64_TO_32_BIT_CONVERSION = YES;
				GCC_WARN_ABOUT_RETURN_TYPE = YES_ERROR;
				GCC_WARN_UNDECLARED_SELECTOR = YES;
				GCC_WARN_UNINITIALIZED_AUTOS = YES_AGGRESSIVE;
				GCC_WARN_UNUSED_FUNCTION = YES;
				GCC_WARN_UNUSED_VARIABLE = YES;
				IPHONEOS_DEPLOYMENT_TARGET = 9.1;
				MTL_ENABLE_DEBUG_INFO = YES;
				ONLY_ACTIVE_ARCH = YES;
				SDKROOT = iphoneos;
				SWIFT_OPTIMIZATION_LEVEL = "-Onone";
			};
			name = Debug;
		};
		029B21451C0D85CA00002CAD /* Release */ = {
			isa = XCBuildConfiguration;
			buildSettings = {
				ALWAYS_SEARCH_USER_PATHS = NO;
				CLANG_CXX_LANGUAGE_STANDARD = "gnu++0x";
				CLANG_CXX_LIBRARY = "libc++";
				CLANG_ENABLE_MODULES = YES;
				CLANG_ENABLE_OBJC_ARC = YES;
				CLANG_WARN_BOOL_CONVERSION = YES;
				CLANG_WARN_CONSTANT_CONVERSION = YES;
				CLANG_WARN_DIRECT_OBJC_ISA_USAGE = YES_ERROR;
				CLANG_WARN_EMPTY_BODY = YES;
				CLANG_WARN_ENUM_CONVERSION = YES;
				CLANG_WARN_INT_CONVERSION = YES;
				CLANG_WARN_OBJC_ROOT_CLASS = YES_ERROR;
				CLANG_WARN_UNREACHABLE_CODE = YES;
				CLANG_WARN__DUPLICATE_METHOD_MATCH = YES;
				"CODE_SIGN_IDENTITY[sdk=iphoneos*]" = "iPhone Developer";
				COPY_PHASE_STRIP = NO;
				DEBUG_INFORMATION_FORMAT = "dwarf-with-dsym";
				ENABLE_NS_ASSERTIONS = NO;
				ENABLE_STRICT_OBJC_MSGSEND = YES;
				GCC_C_LANGUAGE_STANDARD = gnu99;
				GCC_NO_COMMON_BLOCKS = YES;
				GCC_WARN_64_TO_32_BIT_CONVERSION = YES;
				GCC_WARN_ABOUT_RETURN_TYPE = YES_ERROR;
				GCC_WARN_UNDECLARED_SELECTOR = YES;
				GCC_WARN_UNINITIALIZED_AUTOS = YES_AGGRESSIVE;
				GCC_WARN_UNUSED_FUNCTION = YES;
				GCC_WARN_UNUSED_VARIABLE = YES;
				IPHONEOS_DEPLOYMENT_TARGET = 9.1;
				MTL_ENABLE_DEBUG_INFO = NO;
				SDKROOT = iphoneos;
				VALIDATE_PRODUCT = YES;
			};
			name = Release;
		};
		029B21471C0D85CA00002CAD /* Debug */ = {
			isa = XCBuildConfiguration;
			baseConfigurationReference = AB66A658E46832EE75E1B40B /* Pods.debug.xcconfig */;
			buildSettings = {
				ASSETCATALOG_COMPILER_APPICON_NAME = AppIcon;
				ENABLE_BITCODE = NO;
				INFOPLIST_FILE = ILYIFB/Info.plist;
				LD_RUNPATH_SEARCH_PATHS = "$(inherited) @executable_path/Frameworks";
				PRODUCT_BUNDLE_IDENTIFIER = ilyi1116.ILYIFB;
				PRODUCT_NAME = "$(TARGET_NAME)";
				SWIFT_OBJC_BRIDGING_HEADER = "/Users/tsaichengheng/Documents/MyProject/ILYIFB/ILYIFB/ILYIFB-Bridging-Header.h";
			};
			name = Debug;
		};
		029B21481C0D85CA00002CAD /* Release */ = {
			isa = XCBuildConfiguration;
			baseConfigurationReference = 05D43675BDE005813C9CBB69 /* Pods.release.xcconfig */;
			buildSettings = {
				ASSETCATALOG_COMPILER_APPICON_NAME = AppIcon;
				ENABLE_BITCODE = NO;
				INFOPLIST_FILE = ILYIFB/Info.plist;
				LD_RUNPATH_SEARCH_PATHS = "$(inherited) @executable_path/Frameworks";
				PRODUCT_BUNDLE_IDENTIFIER = ilyi1116.ILYIFB;
				PRODUCT_NAME = "$(TARGET_NAME)";
				SWIFT_OBJC_BRIDGING_HEADER = "/Users/tsaichengheng/Documents/MyProject/ILYIFB/ILYIFB/ILYIFB-Bridging-Header.h";
			};
			name = Release;
		};
/* End XCBuildConfiguration section */

/* Begin XCConfigurationList section */
		029B212F1C0D85CA00002CAD /* Build configuration list for PBXProject "ILYIFB" */ = {
			isa = XCConfigurationList;
			buildConfigurations = (
				029B21441C0D85CA00002CAD /* Debug */,
				029B21451C0D85CA00002CAD /* Release */,
			);
			defaultConfigurationIsVisible = 0;
			defaultConfigurationName = Release;
		};
		029B21461C0D85CA00002CAD /* Build configuration list for PBXNativeTarget "ILYIFB" */ = {
			isa = XCConfigurationList;
			buildConfigurations = (
				029B21471C0D85CA00002CAD /* Debug */,
				029B21481C0D85CA00002CAD /* Release */,
			);
			defaultConfigurationIsVisible = 0;
			defaultConfigurationName = Release;
		};
/* End XCConfigurationList section */
	};
	rootObject = 029B212C1C0D85CA00002CAD /* Project object */;
}
